# THIS IS AN AUTOGENERATED FILE. DO NOT EDIT THIS FILE DIRECTLY.
# yarn lockfile v1


myzod@^1.6.1:
  version "1.6.1"
  resolved "https://registry.yarnpkg.com/myzod/-/myzod-1.6.1.tgz#9f63599caa3b03ab3d86266de65678d65dd17199"
  integrity sha512-69Nz0/4L/54xsi89naa9B4QhratNXQOAN1eKH4H5jwhOGs5LxlyNxHvvyS6D59BQLZACoVqllhXhjsXdIJoFtA==
